
Microsoft Visual Studio Solution File, Format Version 12.00
# Visual Studio Version 16
VisualStudioVersion = 16.0.30804.86
MinimumVisualStudioVersion = 10.0.40219.1
Project("{FAE04EC0-301F-11D3-BF4B-00C04F79EFBC}") = "TG Automotive", "TG Automotive.csproj", "{9D75E1C3-0B87-4BBA-BE43-2C58FDD0EC7C}"
EndProject
Global
	GlobalSection(SolutionConfigurationPlatforms) = preSolution
		Debug|Any CPU = Debug|Any CPU
		Release|Any CPU = Release|Any CPU
	EndGlobalSection
	GlobalSection(ProjectConfigurationPlatforms) = postSolution
		{9D75E1C3-0B87-4BBA-BE43-2C58FDD0EC7C}.Debug|Any CPU.ActiveCfg = Debug|Any CPU
		{9D75E1C3-0B87-4BBA-BE43-2C58FDD0EC7C}.Debug|Any CPU.Build.0 = Debug|Any CPU
		{9D75E1C3-0B87-4BBA-BE43-2C58FDD0EC7C}.Release|Any CPU.ActiveCfg = Release|Any CPU
		{9D75E1C3-0B87-4BBA-BE43-2C58FDD0EC7C}.Release|Any CPU.Build.0 = Release|Any CPU
	EndGlobalSection
	GlobalSection(SolutionProperties) = preSolution
		HideSolutionNode = FALSE
	EndGlobalSection
	GlobalSection(ExtensibilityGlobals) = postSolution
		SolutionGuid = {1B9227FF-7199-4D22-99C7-4F3EC424715F}
	EndGlobalSection
EndGlobal
